
Microsoft Visual Studio Solution File, Format Version 12.00
# Visual Studio Version 17
VisualStudioVersion = 17.4.33213.308
MinimumVisualStudioVersion = 10.0.40219.1
Project("{FAE04EC0-301F-11D3-BF4B-00C04F79EFBC}") = "SwaggerEditor", "SwaggerEditor\SwaggerEditor.csproj", "{F06E4B7A-066D-4155-B61C-A139C519477A}"
EndProject
Global
	GlobalSection(SolutionConfigurationPlatforms) = preSolution
		Debug|Any CPU = Debug|Any CPU
		Release|Any CPU = Release|Any CPU
	EndGlobalSection
	GlobalSection(ProjectConfigurationPlatforms) = postSolution
		{F06E4B7A-066D-4155-B61C-A139C519477A}.Debug|Any CPU.ActiveCfg = Debug|Any CPU
		{F06E4B7A-066D-4155-B61C-A139C519477A}.Debug|Any CPU.Build.0 = Debug|Any CPU
		{F06E4B7A-066D-4155-B61C-A139C519477A}.Release|Any CPU.ActiveCfg = Release|Any CPU
		{F06E4B7A-066D-4155-B61C-A139C519477A}.Release|Any CPU.Build.0 = Release|Any CPU
	EndGlobalSection
	GlobalSection(SolutionProperties) = preSolution
		HideSolutionNode = FALSE
	EndGlobalSection
	GlobalSection(ExtensibilityGlobals) = postSolution
		SolutionGuid = {C5511693-4800-487D-AF75-5E216F61754F}
	EndGlobalSection
EndGlobal
